// !$*UTF8*$!
{
	archiveVersion = 1;
	classes = {
	};
	objectVersion = 46;
	objects = {

/* Begin PBXBuildFile section */
		D068999B1C3974BE00A995AE /* AppDelegate.swift in Sources */ = {isa = PBXBuildFile; fileRef = D068999A1C3974BE00A995AE /* AppDelegate.swift */; };
		D068999D1C3974BE00A995AE /* ViewController.swift in Sources */ = {isa = PBXBuildFile; fileRef = D068999C1C3974BE00A995AE /* ViewController.swift */; };
		D06899A01C3974BE00A995AE /* Main.storyboard in Resources */ = {isa = PBXBuildFile; fileRef = D068999E1C3974BE00A995AE /* Main.storyboard */; };
		D06899A21C3974BE00A995AE /* Assets.xcassets in Resources */ = {isa = PBXBuildFile; fileRef = D06899A11C3974BE00A995AE /* Assets.xcassets */; };
		D06899A51C3974BE00A995AE /* LaunchScreen.storyboard in Resources */ = {isa = PBXBuildFile; fileRef = D06899A31C3974BE00A995AE /* LaunchScreen.storyboard */; };
/* End PBXBuildFile section */

/* Begin PBXFileReference section */
		D06899971C3974BE00A995AE /* HelloMkMapView.app */ = {isa = PBXFileReference; explicitFileType = wrapper.application; includeInIndex = 0; path = HelloMkMapView.app; sourceTree = BUILT_PRODUCTS_DIR; };
		D068999A1C3974BE00A995AE /* AppDelegate.swift */ = {isa = PBXFileReference; lastKnownFileType = sourcecode.swift; path = AppDelegate.swift; sourceTree = "<group>"; };
		D068999C1C3974BE00A995AE /* ViewController.swift */ = {isa = PBXFileReference; lastKnownFileType = sourcecode.swift; path = ViewController.swift; sourceTree = "<group>"; };
		D068999F1C3974BE00A995AE /* Base */ = {isa = PBXFileReference; lastKnownFileType = file.storyboard; name = Base; path = Base.lproj/Main.storyboard; sourceTree = "<group>"; };
		D06899A11C3974BE00A995AE /* Assets.xcassets */ = {isa = PBXFileReference; lastKnownFileType = folder.assetcatalog; path = Assets.xcassets; sourceTree = "<group>"; };
		D06899A41C3974BE00A995AE /* Base */ = {isa = PBXFileReference; lastKnownFileType = file.storyboard; name = Base; path = Base.lproj/LaunchScreen.storyboard; sourceTree = "<group>"; };
		D06899A61C3974BE00A995AE /* Info.plist */ = {isa = PBXFileReference; lastKnownFileType = text.plist.xml; path = Info.plist; sourceTree = "<group>"; };
/* End PBXFileReference section */

/* Begin PBXFrameworksBuildPhase section */
		D06899941C3974BE00A995AE /* Frameworks */ = {
			isa = PBXFrameworksBuildPhase;
			buildActionMask = 2147483647;
			files = (
			);
			runOnlyForDeploymentPostprocessing = 0;
		};
/* End PBXFrameworksBuildPhase section */

/* Begin PBXGroup section */
		D068998E1C3974BE00A995AE = {
			isa = PBXGroup;
			children = (
				D06899991C3974BE00A995AE /* HelloMkMapView */,
				D06899981C3974BE00A995AE /* Products */,
			);
			sourceTree = "<group>";
		};
		D06899981C3974BE00A995AE /* Products */ = {
			isa = PBXGroup;
			children = (
				D06899971C3974BE00A995AE /* HelloMkMapView.app */,
			);
			name = Products;
			sourceTree = "<group>";
		};
		D06899991C3974BE00A995AE /* HelloMkMapView */ = {
			isa = PBXGroup;
			children = (
				D068999A1C3974BE00A995AE /* AppDelegate.swift */,
				D068999C1C3974BE00A995AE /* ViewController.swift */,
				D068999E1C3974BE00A995AE /* Main.storyboard */,
				D06899A11C3974BE00A995AE /* Assets.xcassets */,
				D06899A31C3974BE00A995AE /* LaunchScreen.storyboard */,
				D06899A61C3974BE00A995AE /* Info.plist */,
			);
			path = HelloMkMapView;
			sourceTree = "<group>";
		};
/* End PBXGroup section */

/* Begin PBXNativeTarget section */
		D06899961C3974BE00A995AE /* HelloMkMapView */ = {
			isa = PBXNativeTarget;
			buildConfigurationList = D06899A91C3974BE00A995AE /* Build configuration list for PBXNativeTarget "HelloMkMapView" */;
			buildPhases = (
				D06899931C3974BE00A995AE /* Sources */,
				D06899941C3974BE00A995AE /* Frameworks */,
				D06899951C3974BE00A995AE /* Resources */,
			);
			buildRules = (
			);
			dependencies = (
			);
			name = HelloMkMapView;
			productName = HelloMkMapView;
			productReference = D06899971C3974BE00A995AE /* HelloMkMapView.app */;
			productType = "com.apple.product-type.application";
		};
/* End PBXNativeTarget section */

/* Begin PBXProject section */
		D068998F1C3974BE00A995AE /* Project object */ = {
			isa = PBXProject;
			attributes = {
				LastSwiftUpdateCheck = 0720;
				LastUpgradeCheck = 0720;
				ORGANIZATIONNAME = Justin;
				TargetAttributes = {
					D06899961C3974BE00A995AE = {
						CreatedOnToolsVersion = 7.2;
						DevelopmentTeam = 3MXXPW3ZXS;
					};
				};
			};
			buildConfigurationList = D06899921C3974BE00A995AE /* Build configuration list for PBXProject "HelloMkMapView" */;
			compatibilityVersion = "Xcode 3.2";
			developmentRegion = English;
			hasScannedForEncodings = 0;
			knownRegions = (
				en,
				Base,
			);
			mainGroup = D068998E1C3974BE00A995AE;
			productRefGroup = D06899981C3974BE00A995AE /* Products */;
			projectDirPath = "";
			projectRoot = "";
			targets = (
				D06899961C3974BE00A995AE /* HelloMkMapView */,
			);
		};
/* End PBXProject section */

/* Begin PBXResourcesBuildPhase section */
		D06899951C3974BE00A995AE /* Resources */ = {
			isa = PBXResourcesBuildPhase;
			buildActionMask = 2147483647;
			files = (
				D06899A51C3974BE00A995AE /* LaunchScreen.storyboard in Resources */,
				D06899A21C3974BE00A995AE /* Assets.xcassets in Resources */,
				D06899A01C3974BE00A995AE /* Main.storyboard in Resources */,
			);
			runOnlyForDeploymentPostprocessing = 0;
		};
/* End PBXResourcesBuildPhase section */

/* Begin PBXSourcesBuildPhase section */
		D06899931C3974BE00A995AE /* Sources */ = {
			isa = PBXSourcesBuildPhase;
			buildActionMask = 2147483647;
			files = (
				D068999D1C3974BE00A995AE /* ViewController.swift in Sources */,
				D068999B1C3974BE00A995AE /* AppDelegate.swift in Sources */,
			);
			runOnlyForDeploymentPostprocessing = 0;
		};
/* End PBXSourcesBuildPhase section */

/* Begin PBXVariantGroup section */
		D068999E1C3974BE00A995AE /* Main.storyboard */ = {
			isa = PBXVariantGroup;
			children = (
				D068999F1C3974BE00A995AE /* Base */,
			);
			name = Main.storyboard;
			sourceTree = "<group>";
		};
		D06899A31C3974BE00A995AE /* LaunchScreen.storyboard */ = {
			isa = PBXVariantGroup;
			children = (
				D06899A41C3974BE00A995AE /* Base */,
			);
			name = LaunchScreen.storyboard;
			sourceTree = "<group>";
		};
/* End PBXVariantGroup section */

/* Begin XCBuildConfiguration section */
		D06899A71C3974BE00A995AE /* Debug */ = {
			isa = XCBuildConfiguration;
			buildSettings = {
				ALWAYS_SEARCH_USER_PATHS = NO;
				CLANG_CXX_LANGUAGE_STANDARD = "gnu++0x";
				CLANG_CXX_LIBRARY = "libc++";
				CLANG_ENABLE_MODULES = YES;
				CLANG_ENABLE_OBJC_ARC = YES;
				CLANG_WARN_BOOL_CONVERSION = YES;
				CLANG_WARN_CONSTANT_CONVERSION = YES;
				CLANG_WARN_DIRECT_OBJC_ISA_USAGE = YES_ERROR;
				CLANG_WARN_EMPTY_BODY = YES;
				CLANG_WARN_ENUM_CONVERSION = YES;
				CLANG_WARN_INT_CONVERSION = YES;
				CLANG_WARN_OBJC_ROOT_CLASS = YES_ERROR;
				CLANG_WARN_UNREACHABLE_CODE = YES;
				CLANG_WARN__DUPLICATE_METHOD_MATCH = YES;
				"CODE_SIGN_IDENTITY[sdk=iphoneos*]" = "iPhone Developer";
				COPY_PHASE_STRIP = NO;
				DEBUG_INFORMATION_FORMAT = dwarf;
				ENABLE_STRICT_OBJC_MSGSEND = YES;
				ENABLE_TESTABILITY = YES;
				GCC_C_LANGUAGE_STANDARD = gnu99;
				GCC_DYNAMIC_NO_PIC = NO;
				GCC_NO_COMMON_BLOCKS = YES;
				GCC_OPTIMIZATION_LEVEL = 0;
				GCC_PREPROCESSOR_DEFINITIONS = (
					"DEBUG=1",
					"$(inherited)",
				);
				GCC_WARN_64_TO_32_BIT_CONVERSION = YES;
				GCC_WARN_ABOUT_RETURN_TYPE = YES_ERROR;
				GCC_WARN_UNDECLARED_SELECTOR = YES;
				GCC_WARN_UNINITIALIZED_AUTOS = YES_AGGRESSIVE;
				GCC_WARN_UNUSED_FUNCTION = YES;
				GCC_WARN_UNUSED_VARIABLE = YES;
				IPHONEOS_DEPLOYMENT_TARGET = 9.2;
				MTL_ENABLE_DEBUG_INFO = YES;
				ONLY_ACTIVE_ARCH = YES;
				SDKROOT = iphoneos;
				SWIFT_OPTIMIZATION_LEVEL = "-Onone";
			};
			name = Debug;
		};
		D06899A81C3974BE00A995AE /* Release */ = {
			isa = XCBuildConfiguration;
			buildSettings = {
				ALWAYS_SEARCH_USER_PATHS = NO;
				CLANG_CXX_LANGUAGE_STANDARD = "gnu++0x";
				CLANG_CXX_LIBRARY = "libc++";
				CLANG_ENABLE_MODULES = YES;
				CLANG_ENABLE_OBJC_ARC = YES;
				CLANG_WARN_BOOL_CONVERSION = YES;
				CLANG_WARN_CONSTANT_CONVERSION = YES;
				CLANG_WARN_DIRECT_OBJC_ISA_USAGE = YES_ERROR;
				CLANG_WARN_EMPTY_BODY = YES;
				CLANG_WARN_ENUM_CONVERSION = YES;
				CLANG_WARN_INT_CONVERSION = YES;
				CLANG_WARN_OBJC_ROOT_CLASS = YES_ERROR;
				CLANG_WARN_UNREACHABLE_CODE = YES;
				CLANG_WARN__DUPLICATE_METHOD_MATCH = YES;
				"CODE_SIGN_IDENTITY[sdk=iphoneos*]" = "iPhone Developer";
				COPY_PHASE_STRIP = NO;
				DEBUG_INFORMATION_FORMAT = "dwarf-with-dsym";
				ENABLE_NS_ASSERTIONS = NO;
				ENABLE_STRICT_OBJC_MSGSEND = YES;
				GCC_C_LANGUAGE_STANDARD = gnu99;
				GCC_NO_COMMON_BLOCKS = YES;
				GCC_WARN_64_TO_32_BIT_CONVERSION = YES;
				GCC_WARN_ABOUT_RETURN_TYPE = YES_ERROR;
				GCC_WARN_UNDECLARED_SELECTOR = YES;
				GCC_WARN_UNINITIALIZED_AUTOS = YES_AGGRESSIVE;
				GCC_WARN_UNUSED_FUNCTION = YES;
				GCC_WARN_UNUSED_VARIABLE = YES;
				IPHONEOS_DEPLOYMENT_TARGET = 9.2;
				MTL_ENABLE_DEBUG_INFO = NO;
				SDKROOT = iphoneos;
				VALIDATE_PRODUCT = YES;
			};
			name = Release;
		};
		D06899AA1C3974BE00A995AE /* Debug */ = {
			isa = XCBuildConfiguration;
			buildSettings = {
				ASSETCATALOG_COMPILER_APPICON_NAME = AppIcon;
				INFOPLIST_FILE = HelloMkMapView/Info.plist;
				LD_RUNPATH_SEARCH_PATHS = "$(inherited) @executable_path/Frameworks";
				PRODUCT_BUNDLE_IDENTIFIER = com.justinApp.HelloMkMapView;
				PRODUCT_NAME = "$(TARGET_NAME)";
			};
			name = Debug;
		};
		D06899AB1C3974BE00A995AE /* Release */ = {
			isa = XCBuildConfiguration;
			buildSettings = {
				ASSETCATALOG_COMPILER_APPICON_NAME = AppIcon;
				INFOPLIST_FILE = HelloMkMapView/Info.plist;
				LD_RUNPATH_SEARCH_PATHS = "$(inherited) @executable_path/Frameworks";
				PRODUCT_BUNDLE_IDENTIFIER = com.justinApp.HelloMkMapView;
				PRODUCT_NAME = "$(TARGET_NAME)";
			};
			name = Release;
		};
/* End XCBuildConfiguration section */

/* Begin XCConfigurationList section */
		D06899921C3974BE00A995AE /* Build configuration list for PBXProject "HelloMkMapView" */ = {
			isa = XCConfigurationList;
			buildConfigurations = (
				D06899A71C3974BE00A995AE /* Debug */,
				D06899A81C3974BE00A995AE /* Release */,
			);
			defaultConfigurationIsVisible = 0;
			defaultConfigurationName = Release;
		};
		D06899A91C3974BE00A995AE /* Build configuration list for PBXNativeTarget "HelloMkMapView" */ = {
			isa = XCConfigurationList;
			buildConfigurations = (
				D06899AA1C3974BE00A995AE /* Debug */,
				D06899AB1C3974BE00A995AE /* Release */,
			);
			defaultConfigurationIsVisible = 0;
		};
/* End XCConfigurationList section */
	};
	rootObject = D068998F1C3974BE00A995AE /* Project object */;
}
